
Microsoft Visual Studio Solution File, Format Version 12.00
# Visual Studio Version 16
VisualStudioVersion = 16.0.30503.244
MinimumVisualStudioVersion = 10.0.40219.1
Project("{FAE04EC0-301F-11D3-BF4B-00C04F79EFBC}") = "GameLife", "GameLife.csproj", "{956F27E7-71CD-437A-A140-6F80A2CF1955}"
EndProject
Global
	GlobalSection(SolutionConfigurationPlatforms) = preSolution
		Debug|Any CPU = Debug|Any CPU
		Release|Any CPU = Release|Any CPU
	EndGlobalSection
	GlobalSection(ProjectConfigurationPlatforms) = postSolution
		{956F27E7-71CD-437A-A140-6F80A2CF1955}.Debug|Any CPU.ActiveCfg = Debug|Any CPU
		{956F27E7-71CD-437A-A140-6F80A2CF1955}.Debug|Any CPU.Build.0 = Debug|Any CPU
		{956F27E7-71CD-437A-A140-6F80A2CF1955}.Release|Any CPU.ActiveCfg = Release|Any CPU
		{956F27E7-71CD-437A-A140-6F80A2CF1955}.Release|Any CPU.Build.0 = Release|Any CPU
	EndGlobalSection
	GlobalSection(SolutionProperties) = preSolution
		HideSolutionNode = FALSE
	EndGlobalSection
	GlobalSection(ExtensibilityGlobals) = postSolution
		SolutionGuid = {E8AB5E37-B6C6-4CD6-BA68-53D49E058B0D}
	EndGlobalSection
EndGlobal
